
Microsoft Visual Studio Solution File, Format Version 12.00
# Visual Studio 15
VisualStudioVersion = 15.0.28307.757
MinimumVisualStudioVersion = 10.0.40219.1
Project("{FAE04EC0-301F-11D3-BF4B-00C04F79EFBC}") = "WebAPIValidation", "WebAPIValidation\WebAPIValidation.csproj", "{4FB682DB-E09D-419D-B49F-DCFD77C9B91C}"
EndProject
Global
	GlobalSection(SolutionConfigurationPlatforms) = preSolution
		Debug|Any CPU = Debug|Any CPU
		Release|Any CPU = Release|Any CPU
	EndGlobalSection
	GlobalSection(ProjectConfigurationPlatforms) = postSolution
		{4FB682DB-E09D-419D-B49F-DCFD77C9B91C}.Debug|Any CPU.ActiveCfg = Debug|Any CPU
		{4FB682DB-E09D-419D-B49F-DCFD77C9B91C}.Debug|Any CPU.Build.0 = Debug|Any CPU
		{4FB682DB-E09D-419D-B49F-DCFD77C9B91C}.Release|Any CPU.ActiveCfg = Release|Any CPU
		{4FB682DB-E09D-419D-B49F-DCFD77C9B91C}.Release|Any CPU.Build.0 = Release|Any CPU
	EndGlobalSection
	GlobalSection(SolutionProperties) = preSolution
		HideSolutionNode = FALSE
	EndGlobalSection
	GlobalSection(ExtensibilityGlobals) = postSolution
		SolutionGuid = {992C83B7-79E1-4200-8EAB-178CE7E81809}
	EndGlobalSection
EndGlobal
