
Microsoft Visual Studio Solution File, Format Version 12.00
# Visual Studio 15
VisualStudioVersion = 15.0.28307.136
MinimumVisualStudioVersion = 10.0.40219.1
Project("{FAE04EC0-301F-11D3-BF4B-00C04F79EFBC}") = "EmployeeManagement", "EmployeeManagement\EmployeeManagement.csproj", "{0A5645FA-A67A-4CFB-B4CF-1E3D90D05CBB}"
EndProject
Global
	GlobalSection(SolutionConfigurationPlatforms) = preSolution
		Debug|Any CPU = Debug|Any CPU
		Release|Any CPU = Release|Any CPU
	EndGlobalSection
	GlobalSection(ProjectConfigurationPlatforms) = postSolution
		{0A5645FA-A67A-4CFB-B4CF-1E3D90D05CBB}.Debug|Any CPU.ActiveCfg = Debug|Any CPU
		{0A5645FA-A67A-4CFB-B4CF-1E3D90D05CBB}.Debug|Any CPU.Build.0 = Debug|Any CPU
		{0A5645FA-A67A-4CFB-B4CF-1E3D90D05CBB}.Release|Any CPU.ActiveCfg = Release|Any CPU
		{0A5645FA-A67A-4CFB-B4CF-1E3D90D05CBB}.Release|Any CPU.Build.0 = Release|Any CPU
	EndGlobalSection
	GlobalSection(SolutionProperties) = preSolution
		HideSolutionNode = FALSE
	EndGlobalSection
	GlobalSection(ExtensibilityGlobals) = postSolution
		SolutionGuid = {10E99D9C-F15F-4F63-93C1-705A9F224462}
	EndGlobalSection
EndGlobal
