
Microsoft Visual Studio Solution File, Format Version 12.00
# Visual Studio 15
VisualStudioVersion = 15.0.28307.106
MinimumVisualStudioVersion = 10.0.40219.1
Project("{FAE04EC0-301F-11D3-BF4B-00C04F79EFBC}") = "WebApplicationEmployeeAssignment", "WebApplicationEmployeeAssignment\WebApplicationEmployeeAssignment.csproj", "{36AA9957-DF9F-4D8C-AE0D-B3C01EEBA098}"
EndProject
Global
	GlobalSection(SolutionConfigurationPlatforms) = preSolution
		Debug|Any CPU = Debug|Any CPU
		Release|Any CPU = Release|Any CPU
	EndGlobalSection
	GlobalSection(ProjectConfigurationPlatforms) = postSolution
		{36AA9957-DF9F-4D8C-AE0D-B3C01EEBA098}.Debug|Any CPU.ActiveCfg = Debug|Any CPU
		{36AA9957-DF9F-4D8C-AE0D-B3C01EEBA098}.Debug|Any CPU.Build.0 = Debug|Any CPU
		{36AA9957-DF9F-4D8C-AE0D-B3C01EEBA098}.Release|Any CPU.ActiveCfg = Release|Any CPU
		{36AA9957-DF9F-4D8C-AE0D-B3C01EEBA098}.Release|Any CPU.Build.0 = Release|Any CPU
	EndGlobalSection
	GlobalSection(SolutionProperties) = preSolution
		HideSolutionNode = FALSE
	EndGlobalSection
	GlobalSection(ExtensibilityGlobals) = postSolution
		SolutionGuid = {F1986B59-99C7-4C4F-A7C4-79BB80932C25}
	EndGlobalSection
EndGlobal
