
Microsoft Visual Studio Solution File, Format Version 12.00
# Visual Studio 15
VisualStudioVersion = 15.0.28307.705
MinimumVisualStudioVersion = 10.0.40219.1
Project("{FAE04EC0-301F-11D3-BF4B-00C04F79EFBC}") = "WEBAPIFILTER", "mywork\WEBAPIFILTER.csproj", "{187F327C-29F5-4294-AD99-B7C73A7F1009}"
EndProject
Global
	GlobalSection(SolutionConfigurationPlatforms) = preSolution
		Debug|Any CPU = Debug|Any CPU
		Release|Any CPU = Release|Any CPU
	EndGlobalSection
	GlobalSection(ProjectConfigurationPlatforms) = postSolution
		{187F327C-29F5-4294-AD99-B7C73A7F1009}.Debug|Any CPU.ActiveCfg = Debug|Any CPU
		{187F327C-29F5-4294-AD99-B7C73A7F1009}.Debug|Any CPU.Build.0 = Debug|Any CPU
		{187F327C-29F5-4294-AD99-B7C73A7F1009}.Release|Any CPU.ActiveCfg = Release|Any CPU
		{187F327C-29F5-4294-AD99-B7C73A7F1009}.Release|Any CPU.Build.0 = Release|Any CPU
	EndGlobalSection
	GlobalSection(SolutionProperties) = preSolution
		HideSolutionNode = FALSE
	EndGlobalSection
	GlobalSection(ExtensibilityGlobals) = postSolution
		SolutionGuid = {425C73A4-E2B6-45EE-A30E-A41303ADEF55}
	EndGlobalSection
EndGlobal
