
Microsoft Visual Studio Solution File, Format Version 12.00
# Visual Studio 15
VisualStudioVersion = 15.0.28307.645
MinimumVisualStudioVersion = 10.0.40219.1
Project("{FAE04EC0-301F-11D3-BF4B-00C04F79EFBC}") = "Angular_A24_FILTERS", "Angular_Routing\Angular_A24_FILTERS.csproj", "{338C90C4-5959-4BB1-9E3C-114508DFE67A}"
EndProject
Global
	GlobalSection(SolutionConfigurationPlatforms) = preSolution
		Debug|Any CPU = Debug|Any CPU
		Release|Any CPU = Release|Any CPU
	EndGlobalSection
	GlobalSection(ProjectConfigurationPlatforms) = postSolution
		{338C90C4-5959-4BB1-9E3C-114508DFE67A}.Debug|Any CPU.ActiveCfg = Debug|Any CPU
		{338C90C4-5959-4BB1-9E3C-114508DFE67A}.Debug|Any CPU.Build.0 = Debug|Any CPU
		{338C90C4-5959-4BB1-9E3C-114508DFE67A}.Release|Any CPU.ActiveCfg = Release|Any CPU
		{338C90C4-5959-4BB1-9E3C-114508DFE67A}.Release|Any CPU.Build.0 = Release|Any CPU
	EndGlobalSection
	GlobalSection(SolutionProperties) = preSolution
		HideSolutionNode = FALSE
	EndGlobalSection
	GlobalSection(ExtensibilityGlobals) = postSolution
		SolutionGuid = {4BBF8733-3740-446D-8936-FB598FA57958}
	EndGlobalSection
EndGlobal
