
Microsoft Visual Studio Solution File, Format Version 12.00
# Visual Studio 15
VisualStudioVersion = 15.0.28307.705
MinimumVisualStudioVersion = 10.0.40219.1
Project("{FAE04EC0-301F-11D3-BF4B-00C04F79EFBC}") = "Assignment_2", "Assignment_2\Assignment_2.csproj", "{5605254B-E925-484E-8138-7715ED597FEF}"
EndProject
Project("{FAE04EC0-301F-11D3-BF4B-00C04F79EFBC}") = "Assignment_2b", "Assignment_2b\Assignment_2b.csproj", "{4D821191-96D9-49BC-9F4D-71BD8371B5D4}"
EndProject
Project("{FAE04EC0-301F-11D3-BF4B-00C04F79EFBC}") = "Assignment_2c", "Assignment_2c\Assignment_2c.csproj", "{15B94DDC-2F61-4995-9EE3-64965AF908D0}"
EndProject
Global
	GlobalSection(SolutionConfigurationPlatforms) = preSolution
		Debug|Any CPU = Debug|Any CPU
		Release|Any CPU = Release|Any CPU
	EndGlobalSection
	GlobalSection(ProjectConfigurationPlatforms) = postSolution
		{5605254B-E925-484E-8138-7715ED597FEF}.Debug|Any CPU.ActiveCfg = Debug|Any CPU
		{5605254B-E925-484E-8138-7715ED597FEF}.Debug|Any CPU.Build.0 = Debug|Any CPU
		{5605254B-E925-484E-8138-7715ED597FEF}.Release|Any CPU.ActiveCfg = Release|Any CPU
		{5605254B-E925-484E-8138-7715ED597FEF}.Release|Any CPU.Build.0 = Release|Any CPU
		{4D821191-96D9-49BC-9F4D-71BD8371B5D4}.Debug|Any CPU.ActiveCfg = Debug|Any CPU
		{4D821191-96D9-49BC-9F4D-71BD8371B5D4}.Debug|Any CPU.Build.0 = Debug|Any CPU
		{4D821191-96D9-49BC-9F4D-71BD8371B5D4}.Release|Any CPU.ActiveCfg = Release|Any CPU
		{4D821191-96D9-49BC-9F4D-71BD8371B5D4}.Release|Any CPU.Build.0 = Release|Any CPU
		{15B94DDC-2F61-4995-9EE3-64965AF908D0}.Debug|Any CPU.ActiveCfg = Debug|Any CPU
		{15B94DDC-2F61-4995-9EE3-64965AF908D0}.Debug|Any CPU.Build.0 = Debug|Any CPU
		{15B94DDC-2F61-4995-9EE3-64965AF908D0}.Release|Any CPU.ActiveCfg = Release|Any CPU
		{15B94DDC-2F61-4995-9EE3-64965AF908D0}.Release|Any CPU.Build.0 = Release|Any CPU
	EndGlobalSection
	GlobalSection(SolutionProperties) = preSolution
		HideSolutionNode = FALSE
	EndGlobalSection
	GlobalSection(ExtensibilityGlobals) = postSolution
		SolutionGuid = {5ADAA08F-C8F2-4B43-8016-33C1C807895D}
	EndGlobalSection
EndGlobal
