
Microsoft Visual Studio Solution File, Format Version 12.00
# Visual Studio 15
VisualStudioVersion = 15.0.28307.757
MinimumVisualStudioVersion = 10.0.40219.1
Project("{FAE04EC0-301F-11D3-BF4B-00C04F79EFBC}") = "DirectiveAssignment", "DirectiveAssignment\DirectiveAssignment.csproj", "{637BA970-7D40-4612-8B2B-CE53358B1E57}"
EndProject
Global
	GlobalSection(SolutionConfigurationPlatforms) = preSolution
		Debug|Any CPU = Debug|Any CPU
		Release|Any CPU = Release|Any CPU
	EndGlobalSection
	GlobalSection(ProjectConfigurationPlatforms) = postSolution
		{637BA970-7D40-4612-8B2B-CE53358B1E57}.Debug|Any CPU.ActiveCfg = Debug|Any CPU
		{637BA970-7D40-4612-8B2B-CE53358B1E57}.Debug|Any CPU.Build.0 = Debug|Any CPU
		{637BA970-7D40-4612-8B2B-CE53358B1E57}.Release|Any CPU.ActiveCfg = Release|Any CPU
		{637BA970-7D40-4612-8B2B-CE53358B1E57}.Release|Any CPU.Build.0 = Release|Any CPU
	EndGlobalSection
	GlobalSection(SolutionProperties) = preSolution
		HideSolutionNode = FALSE
	EndGlobalSection
	GlobalSection(ExtensibilityGlobals) = postSolution
		SolutionGuid = {F52F9A23-AE5A-4AFB-AFAF-898B31E00437}
	EndGlobalSection
EndGlobal
