
Microsoft Visual Studio Solution File, Format Version 12.00
# Visual Studio 15
VisualStudioVersion = 15.0.28307.705
MinimumVisualStudioVersion = 10.0.40219.1
Project("{FAE04EC0-301F-11D3-BF4B-00C04F79EFBC}") = "Assignment_A30(angular_part)", "Assignment_A30(angular_part)\Assignment_A30(angular_part).csproj", "{868EE6F1-86AB-4ECE-A4C4-F0871B26CCD7}"
EndProject
Global
	GlobalSection(SolutionConfigurationPlatforms) = preSolution
		Debug|Any CPU = Debug|Any CPU
		Release|Any CPU = Release|Any CPU
	EndGlobalSection
	GlobalSection(ProjectConfigurationPlatforms) = postSolution
		{868EE6F1-86AB-4ECE-A4C4-F0871B26CCD7}.Debug|Any CPU.ActiveCfg = Debug|Any CPU
		{868EE6F1-86AB-4ECE-A4C4-F0871B26CCD7}.Debug|Any CPU.Build.0 = Debug|Any CPU
		{868EE6F1-86AB-4ECE-A4C4-F0871B26CCD7}.Release|Any CPU.ActiveCfg = Release|Any CPU
		{868EE6F1-86AB-4ECE-A4C4-F0871B26CCD7}.Release|Any CPU.Build.0 = Release|Any CPU
	EndGlobalSection
	GlobalSection(SolutionProperties) = preSolution
		HideSolutionNode = FALSE
	EndGlobalSection
	GlobalSection(ExtensibilityGlobals) = postSolution
		SolutionGuid = {E394B8F0-AAA0-406E-BD7D-CBD02AAA8CEF}
	EndGlobalSection
EndGlobal
