
Microsoft Visual Studio Solution File, Format Version 12.00
# Visual Studio 15
VisualStudioVersion = 15.0.28307.757
MinimumVisualStudioVersion = 10.0.40219.1
Project("{FAE04EC0-301F-11D3-BF4B-00C04F79EFBC}") = "generic-class", "generic-class\generic-class.csproj", "{A78C71B9-C9C1-459F-81C5-42BFDAE31B2B}"
EndProject
Global
	GlobalSection(SolutionConfigurationPlatforms) = preSolution
		Debug|Any CPU = Debug|Any CPU
		Release|Any CPU = Release|Any CPU
	EndGlobalSection
	GlobalSection(ProjectConfigurationPlatforms) = postSolution
		{A78C71B9-C9C1-459F-81C5-42BFDAE31B2B}.Debug|Any CPU.ActiveCfg = Debug|Any CPU
		{A78C71B9-C9C1-459F-81C5-42BFDAE31B2B}.Debug|Any CPU.Build.0 = Debug|Any CPU
		{A78C71B9-C9C1-459F-81C5-42BFDAE31B2B}.Release|Any CPU.ActiveCfg = Release|Any CPU
		{A78C71B9-C9C1-459F-81C5-42BFDAE31B2B}.Release|Any CPU.Build.0 = Release|Any CPU
	EndGlobalSection
	GlobalSection(SolutionProperties) = preSolution
		HideSolutionNode = FALSE
	EndGlobalSection
	GlobalSection(ExtensibilityGlobals) = postSolution
		SolutionGuid = {B22B1195-6272-4939-8E39-4A0193447FCE}
	EndGlobalSection
EndGlobal
