
Microsoft Visual Studio Solution File, Format Version 12.00
# Visual Studio Version 16
VisualStudioVersion = 16.0.29306.81
MinimumVisualStudioVersion = 10.0.40219.1
Project("{FAE04EC0-301F-11D3-BF4B-00C04F79EFBC}") = "Assignment3", "Assignment3.csproj", "{7EBD4190-FA5B-43D1-AB1D-5B283DBECE4A}"
EndProject
Global
	GlobalSection(SolutionConfigurationPlatforms) = preSolution
		Debug|Any CPU = Debug|Any CPU
		Release|Any CPU = Release|Any CPU
	EndGlobalSection
	GlobalSection(ProjectConfigurationPlatforms) = postSolution
		{7EBD4190-FA5B-43D1-AB1D-5B283DBECE4A}.Debug|Any CPU.ActiveCfg = Debug|Any CPU
		{7EBD4190-FA5B-43D1-AB1D-5B283DBECE4A}.Debug|Any CPU.Build.0 = Debug|Any CPU
		{7EBD4190-FA5B-43D1-AB1D-5B283DBECE4A}.Release|Any CPU.ActiveCfg = Release|Any CPU
		{7EBD4190-FA5B-43D1-AB1D-5B283DBECE4A}.Release|Any CPU.Build.0 = Release|Any CPU
	EndGlobalSection
	GlobalSection(SolutionProperties) = preSolution
		HideSolutionNode = FALSE
	EndGlobalSection
	GlobalSection(ExtensibilityGlobals) = postSolution
		SolutionGuid = {00BB0446-F109-490B-BEFF-1B54D0A5E79D}
	EndGlobalSection
EndGlobal
