
Microsoft Visual Studio Solution File, Format Version 12.00
# Visual Studio 15
VisualStudioVersion = 15.0.28307.645
MinimumVisualStudioVersion = 10.0.40219.1
Project("{FAE04EC0-301F-11D3-BF4B-00C04F79EFBC}") = "Assignment_Boxing_Unboxing", "Assignment_Boxing_Unboxing\Assignment_Boxing_Unboxing.csproj", "{0083AB49-8E0C-446A-BD6C-0C229E6D88AA}"
EndProject
Project("{FAE04EC0-301F-11D3-BF4B-00C04F79EFBC}") = "Assignment_StringBuffer", "Assignment_StringBuffer\Assignment_StringBuffer.csproj", "{8D3AD129-6141-45A2-B31B-B9DB361A2EF7}"
EndProject
Project("{FAE04EC0-301F-11D3-BF4B-00C04F79EFBC}") = "Assignment_Sorting", "Assignment_Sorting\Assignment_Sorting.csproj", "{ACD8D5E3-5093-458D-A667-B3646FCE050F}"
EndProject
Project("{FAE04EC0-301F-11D3-BF4B-00C04F79EFBC}") = "Assignment_02_Constructor", "Assignment_02_Constructor\Assignment_02_Constructor.csproj", "{09BFAE8B-C683-44CF-A7FF-BA5B9EAE7A84}"
EndProject
Project("{FAE04EC0-301F-11D3-BF4B-00C04F79EFBC}") = "Assignment_02_GenericClass", "Assignment_02_GenericClass\Assignment_02_GenericClass.csproj", "{7FE9B607-5477-42FC-ABD8-B81874DF96FB}"
EndProject
Project("{FAE04EC0-301F-11D3-BF4B-00C04F79EFBC}") = "Assignment_03_OOPS", "Assignment_03_OOPS\Assignment_03_OOPS.csproj", "{D93CE1D9-D965-4B02-B9F4-05BEA1BCA1F1}"
EndProject
Project("{FAE04EC0-301F-11D3-BF4B-00C04F79EFBC}") = "Assignment_04_Count_Letters", "Assignment_04_Count_Letters\Assignment_04_Count_Letters.csproj", "{BDE6F368-FC46-447B-9D98-D8562F02869E}"
EndProject
Project("{FAE04EC0-301F-11D3-BF4B-00C04F79EFBC}") = "Assignment_04_A07_List_CURD", "Assignment_04_A07_List_CURD\Assignment_04_A07_List_CURD.csproj", "{FE9D31DF-8B1E-4A11-9DE2-A38511ACDB56}"
EndProject
Project("{FAE04EC0-301F-11D3-BF4B-00C04F79EFBC}") = "Assignment_05_A08_LINQ", "Assignment_05_A08_LINQ\Assignment_05_A08_LINQ.csproj", "{588BBC9D-A10C-4035-B8CD-4F21B5B14A39}"
EndProject
Project("{FAE04EC0-301F-11D3-BF4B-00C04F79EFBC}") = "Assignment_05_A09_Extension_Method", "Assignment_05_A09_Extension_Method\Assignment_05_A09_Extension_Method.csproj", "{F2FDD17D-D767-4459-AE54-7E19020BE74B}"
EndProject
Project("{FAE04EC0-301F-11D3-BF4B-00C04F79EFBC}") = "Assignment_06_A11_1_SP_EF", "Assignment_06_A11_1_SP_EF\Assignment_06_A11_1_SP_EF.csproj", "{A542746B-5F3D-4E9D-9AD3-E25DA012D5E0}"
EndProject
Project("{FAE04EC0-301F-11D3-BF4B-00C04F79EFBC}") = "Assignment_06_A11_2_EF_RelationShip", "Assignment_06_A11_2_EF_RelationShip\Assignment_06_A11_2_EF_RelationShip.csproj", "{3F552E2F-CC95-4E4B-ADB0-635F78577E24}"
EndProject
Project("{FAE04EC0-301F-11D3-BF4B-00C04F79EFBC}") = "Assignment_19_FILTERS", "Assignment_19_FILTERS\Assignment_19_FILTERS.csproj", "{F9BECE8A-27B4-4AB6-9B1D-223A1CC15F1F}"
EndProject
Project("{FAE04EC0-301F-11D3-BF4B-00C04F79EFBC}") = "Assignment_A18_JWT_TOKEN", "Assignment_A18_JWT_TOKEN\Assignment_A18_JWT_TOKEN.csproj", "{3ED36E43-841D-4F7E-B463-CE9E9DFAC011}"
EndProject
Project("{FAE04EC0-301F-11D3-BF4B-00C04F79EFBC}") = "Assignment_07_A12_API_CRUD", "Assignment_07_A12_API_CRUD\Assignment_07_A12_API_CRUD.csproj", "{2D465261-7773-45FF-AC8F-7AB5749039D8}"
EndProject
Project("{FAE04EC0-301F-11D3-BF4B-00C04F79EFBC}") = "Angular_A24_FILTERS", "Angular_A24_FILTERS\Angular_Routing\Angular_A24_FILTERS.csproj", "{338C90C4-5959-4BB1-9E3C-114508DFE67A}"
EndProject
Project("{FAE04EC0-301F-11D3-BF4B-00C04F79EFBC}") = "Angular_A23_NGVIEW", "Angular_A23_NGVIEW\Angular_A23_NGVIEW.csproj", "{2046D6BF-21E3-4A02-A4ED-08A51A89D921}"
EndProject
Project("{FAE04EC0-301F-11D3-BF4B-00C04F79EFBC}") = "Angular_A25_Custom_Directive", "Angular_A25_Custom_Directive\CUSTOM_DIRECTIVE\Angular_A25_Custom_Directive.csproj", "{6561EA3B-6677-4DC8-81F3-68619B3B6B21}"
EndProject
Global
	GlobalSection(SolutionConfigurationPlatforms) = preSolution
		Debug|Any CPU = Debug|Any CPU
		Release|Any CPU = Release|Any CPU
	EndGlobalSection
	GlobalSection(ProjectConfigurationPlatforms) = postSolution
		{0083AB49-8E0C-446A-BD6C-0C229E6D88AA}.Debug|Any CPU.ActiveCfg = Debug|Any CPU
		{0083AB49-8E0C-446A-BD6C-0C229E6D88AA}.Debug|Any CPU.Build.0 = Debug|Any CPU
		{0083AB49-8E0C-446A-BD6C-0C229E6D88AA}.Release|Any CPU.ActiveCfg = Release|Any CPU
		{0083AB49-8E0C-446A-BD6C-0C229E6D88AA}.Release|Any CPU.Build.0 = Release|Any CPU
		{8D3AD129-6141-45A2-B31B-B9DB361A2EF7}.Debug|Any CPU.ActiveCfg = Debug|Any CPU
		{8D3AD129-6141-45A2-B31B-B9DB361A2EF7}.Debug|Any CPU.Build.0 = Debug|Any CPU
		{8D3AD129-6141-45A2-B31B-B9DB361A2EF7}.Release|Any CPU.ActiveCfg = Release|Any CPU
		{8D3AD129-6141-45A2-B31B-B9DB361A2EF7}.Release|Any CPU.Build.0 = Release|Any CPU
		{ACD8D5E3-5093-458D-A667-B3646FCE050F}.Debug|Any CPU.ActiveCfg = Debug|Any CPU
		{ACD8D5E3-5093-458D-A667-B3646FCE050F}.Debug|Any CPU.Build.0 = Debug|Any CPU
		{ACD8D5E3-5093-458D-A667-B3646FCE050F}.Release|Any CPU.ActiveCfg = Release|Any CPU
		{ACD8D5E3-5093-458D-A667-B3646FCE050F}.Release|Any CPU.Build.0 = Release|Any CPU
		{09BFAE8B-C683-44CF-A7FF-BA5B9EAE7A84}.Debug|Any CPU.ActiveCfg = Debug|Any CPU
		{09BFAE8B-C683-44CF-A7FF-BA5B9EAE7A84}.Debug|Any CPU.Build.0 = Debug|Any CPU
		{09BFAE8B-C683-44CF-A7FF-BA5B9EAE7A84}.Release|Any CPU.ActiveCfg = Release|Any CPU
		{09BFAE8B-C683-44CF-A7FF-BA5B9EAE7A84}.Release|Any CPU.Build.0 = Release|Any CPU
		{7FE9B607-5477-42FC-ABD8-B81874DF96FB}.Debug|Any CPU.ActiveCfg = Debug|Any CPU
		{7FE9B607-5477-42FC-ABD8-B81874DF96FB}.Debug|Any CPU.Build.0 = Debug|Any CPU
		{7FE9B607-5477-42FC-ABD8-B81874DF96FB}.Release|Any CPU.ActiveCfg = Release|Any CPU
		{7FE9B607-5477-42FC-ABD8-B81874DF96FB}.Release|Any CPU.Build.0 = Release|Any CPU
		{D93CE1D9-D965-4B02-B9F4-05BEA1BCA1F1}.Debug|Any CPU.ActiveCfg = Debug|Any CPU
		{D93CE1D9-D965-4B02-B9F4-05BEA1BCA1F1}.Debug|Any CPU.Build.0 = Debug|Any CPU
		{D93CE1D9-D965-4B02-B9F4-05BEA1BCA1F1}.Release|Any CPU.ActiveCfg = Release|Any CPU
		{D93CE1D9-D965-4B02-B9F4-05BEA1BCA1F1}.Release|Any CPU.Build.0 = Release|Any CPU
		{BDE6F368-FC46-447B-9D98-D8562F02869E}.Debug|Any CPU.ActiveCfg = Debug|Any CPU
		{BDE6F368-FC46-447B-9D98-D8562F02869E}.Debug|Any CPU.Build.0 = Debug|Any CPU
		{BDE6F368-FC46-447B-9D98-D8562F02869E}.Release|Any CPU.ActiveCfg = Release|Any CPU
		{BDE6F368-FC46-447B-9D98-D8562F02869E}.Release|Any CPU.Build.0 = Release|Any CPU
		{FE9D31DF-8B1E-4A11-9DE2-A38511ACDB56}.Debug|Any CPU.ActiveCfg = Debug|Any CPU
		{FE9D31DF-8B1E-4A11-9DE2-A38511ACDB56}.Debug|Any CPU.Build.0 = Debug|Any CPU
		{FE9D31DF-8B1E-4A11-9DE2-A38511ACDB56}.Release|Any CPU.ActiveCfg = Release|Any CPU
		{FE9D31DF-8B1E-4A11-9DE2-A38511ACDB56}.Release|Any CPU.Build.0 = Release|Any CPU
		{588BBC9D-A10C-4035-B8CD-4F21B5B14A39}.Debug|Any CPU.ActiveCfg = Debug|Any CPU
		{588BBC9D-A10C-4035-B8CD-4F21B5B14A39}.Debug|Any CPU.Build.0 = Debug|Any CPU
		{588BBC9D-A10C-4035-B8CD-4F21B5B14A39}.Release|Any CPU.ActiveCfg = Release|Any CPU
		{588BBC9D-A10C-4035-B8CD-4F21B5B14A39}.Release|Any CPU.Build.0 = Release|Any CPU
		{F2FDD17D-D767-4459-AE54-7E19020BE74B}.Debug|Any CPU.ActiveCfg = Debug|Any CPU
		{F2FDD17D-D767-4459-AE54-7E19020BE74B}.Debug|Any CPU.Build.0 = Debug|Any CPU
		{F2FDD17D-D767-4459-AE54-7E19020BE74B}.Release|Any CPU.ActiveCfg = Release|Any CPU
		{F2FDD17D-D767-4459-AE54-7E19020BE74B}.Release|Any CPU.Build.0 = Release|Any CPU
		{A542746B-5F3D-4E9D-9AD3-E25DA012D5E0}.Debug|Any CPU.ActiveCfg = Debug|Any CPU
		{A542746B-5F3D-4E9D-9AD3-E25DA012D5E0}.Debug|Any CPU.Build.0 = Debug|Any CPU
		{A542746B-5F3D-4E9D-9AD3-E25DA012D5E0}.Release|Any CPU.ActiveCfg = Release|Any CPU
		{A542746B-5F3D-4E9D-9AD3-E25DA012D5E0}.Release|Any CPU.Build.0 = Release|Any CPU
		{3F552E2F-CC95-4E4B-ADB0-635F78577E24}.Debug|Any CPU.ActiveCfg = Debug|Any CPU
		{3F552E2F-CC95-4E4B-ADB0-635F78577E24}.Debug|Any CPU.Build.0 = Debug|Any CPU
		{3F552E2F-CC95-4E4B-ADB0-635F78577E24}.Release|Any CPU.ActiveCfg = Release|Any CPU
		{3F552E2F-CC95-4E4B-ADB0-635F78577E24}.Release|Any CPU.Build.0 = Release|Any CPU
		{F9BECE8A-27B4-4AB6-9B1D-223A1CC15F1F}.Debug|Any CPU.ActiveCfg = Debug|Any CPU
		{F9BECE8A-27B4-4AB6-9B1D-223A1CC15F1F}.Debug|Any CPU.Build.0 = Debug|Any CPU
		{F9BECE8A-27B4-4AB6-9B1D-223A1CC15F1F}.Release|Any CPU.ActiveCfg = Release|Any CPU
		{F9BECE8A-27B4-4AB6-9B1D-223A1CC15F1F}.Release|Any CPU.Build.0 = Release|Any CPU
		{3ED36E43-841D-4F7E-B463-CE9E9DFAC011}.Debug|Any CPU.ActiveCfg = Debug|Any CPU
		{3ED36E43-841D-4F7E-B463-CE9E9DFAC011}.Debug|Any CPU.Build.0 = Debug|Any CPU
		{3ED36E43-841D-4F7E-B463-CE9E9DFAC011}.Release|Any CPU.ActiveCfg = Release|Any CPU
		{3ED36E43-841D-4F7E-B463-CE9E9DFAC011}.Release|Any CPU.Build.0 = Release|Any CPU
		{2D465261-7773-45FF-AC8F-7AB5749039D8}.Debug|Any CPU.ActiveCfg = Debug|Any CPU
		{2D465261-7773-45FF-AC8F-7AB5749039D8}.Debug|Any CPU.Build.0 = Debug|Any CPU
		{2D465261-7773-45FF-AC8F-7AB5749039D8}.Release|Any CPU.ActiveCfg = Release|Any CPU
		{2D465261-7773-45FF-AC8F-7AB5749039D8}.Release|Any CPU.Build.0 = Release|Any CPU
		{338C90C4-5959-4BB1-9E3C-114508DFE67A}.Debug|Any CPU.ActiveCfg = Debug|Any CPU
		{338C90C4-5959-4BB1-9E3C-114508DFE67A}.Debug|Any CPU.Build.0 = Debug|Any CPU
		{338C90C4-5959-4BB1-9E3C-114508DFE67A}.Release|Any CPU.ActiveCfg = Release|Any CPU
		{338C90C4-5959-4BB1-9E3C-114508DFE67A}.Release|Any CPU.Build.0 = Release|Any CPU
		{2046D6BF-21E3-4A02-A4ED-08A51A89D921}.Debug|Any CPU.ActiveCfg = Debug|Any CPU
		{2046D6BF-21E3-4A02-A4ED-08A51A89D921}.Debug|Any CPU.Build.0 = Debug|Any CPU
		{2046D6BF-21E3-4A02-A4ED-08A51A89D921}.Release|Any CPU.ActiveCfg = Release|Any CPU
		{2046D6BF-21E3-4A02-A4ED-08A51A89D921}.Release|Any CPU.Build.0 = Release|Any CPU
		{6561EA3B-6677-4DC8-81F3-68619B3B6B21}.Debug|Any CPU.ActiveCfg = Debug|Any CPU
		{6561EA3B-6677-4DC8-81F3-68619B3B6B21}.Debug|Any CPU.Build.0 = Debug|Any CPU
		{6561EA3B-6677-4DC8-81F3-68619B3B6B21}.Release|Any CPU.ActiveCfg = Release|Any CPU
		{6561EA3B-6677-4DC8-81F3-68619B3B6B21}.Release|Any CPU.Build.0 = Release|Any CPU
	EndGlobalSection
	GlobalSection(SolutionProperties) = preSolution
		HideSolutionNode = FALSE
	EndGlobalSection
	GlobalSection(ExtensibilityGlobals) = postSolution
		SolutionGuid = {17122C47-D4C3-43F6-A887-C251C25FF2B2}
	EndGlobalSection
EndGlobal
