
Microsoft Visual Studio Solution File, Format Version 12.00
# Visual Studio 15
VisualStudioVersion = 15.0.28307.705
MinimumVisualStudioVersion = 10.0.40219.1
Project("{FAE04EC0-301F-11D3-BF4B-00C04F79EFBC}") = "dictionary", "dictionary\dictionary.csproj", "{6E441C09-2BBB-4663-A4B4-4AE846BBD5B8}"
EndProject
Global
	GlobalSection(SolutionConfigurationPlatforms) = preSolution
		Debug|Any CPU = Debug|Any CPU
		Release|Any CPU = Release|Any CPU
	EndGlobalSection
	GlobalSection(ProjectConfigurationPlatforms) = postSolution
		{6E441C09-2BBB-4663-A4B4-4AE846BBD5B8}.Debug|Any CPU.ActiveCfg = Debug|Any CPU
		{6E441C09-2BBB-4663-A4B4-4AE846BBD5B8}.Debug|Any CPU.Build.0 = Debug|Any CPU
		{6E441C09-2BBB-4663-A4B4-4AE846BBD5B8}.Release|Any CPU.ActiveCfg = Release|Any CPU
		{6E441C09-2BBB-4663-A4B4-4AE846BBD5B8}.Release|Any CPU.Build.0 = Release|Any CPU
	EndGlobalSection
	GlobalSection(SolutionProperties) = preSolution
		HideSolutionNode = FALSE
	EndGlobalSection
	GlobalSection(ExtensibilityGlobals) = postSolution
		SolutionGuid = {7613CD00-0F6B-44FA-AB53-BC5D759DD097}
	EndGlobalSection
EndGlobal
