
Microsoft Visual Studio Solution File, Format Version 12.00
# Visual Studio Version 16
VisualStudioVersion = 16.0.29318.209
MinimumVisualStudioVersion = 10.0.40219.1
Project("{FAE04EC0-301F-11D3-BF4B-00C04F79EFBC}") = "Assignent5_Parking", "Assignent5_Parking\Assignent5_Parking.csproj", "{CAF12DBD-F7C9-4701-9E58-1DB363F008E0}"
EndProject
Global
	GlobalSection(SolutionConfigurationPlatforms) = preSolution
		Debug|Any CPU = Debug|Any CPU
		Release|Any CPU = Release|Any CPU
	EndGlobalSection
	GlobalSection(ProjectConfigurationPlatforms) = postSolution
		{CAF12DBD-F7C9-4701-9E58-1DB363F008E0}.Debug|Any CPU.ActiveCfg = Debug|Any CPU
		{CAF12DBD-F7C9-4701-9E58-1DB363F008E0}.Debug|Any CPU.Build.0 = Debug|Any CPU
		{CAF12DBD-F7C9-4701-9E58-1DB363F008E0}.Release|Any CPU.ActiveCfg = Release|Any CPU
		{CAF12DBD-F7C9-4701-9E58-1DB363F008E0}.Release|Any CPU.Build.0 = Release|Any CPU
	EndGlobalSection
	GlobalSection(SolutionProperties) = preSolution
		HideSolutionNode = FALSE
	EndGlobalSection
	GlobalSection(ExtensibilityGlobals) = postSolution
		SolutionGuid = {0FDEDA55-F3DE-4A3A-A7F6-F70173080F65}
	EndGlobalSection
EndGlobal
