
Microsoft Visual Studio Solution File, Format Version 12.00
# Visual Studio 15
VisualStudioVersion = 15.0.28307.106
MinimumVisualStudioVersion = 10.0.40219.1
Project("{FAE04EC0-301F-11D3-BF4B-00C04F79EFBC}") = "CollectionAssignment", "CollectionAssignment\CollectionAssignment.csproj", "{C92FFA86-B57D-45C5-BECF-B89DF95E1951}"
EndProject
Global
	GlobalSection(SolutionConfigurationPlatforms) = preSolution
		Debug|Any CPU = Debug|Any CPU
		Release|Any CPU = Release|Any CPU
	EndGlobalSection
	GlobalSection(ProjectConfigurationPlatforms) = postSolution
		{C92FFA86-B57D-45C5-BECF-B89DF95E1951}.Debug|Any CPU.ActiveCfg = Debug|Any CPU
		{C92FFA86-B57D-45C5-BECF-B89DF95E1951}.Debug|Any CPU.Build.0 = Debug|Any CPU
		{C92FFA86-B57D-45C5-BECF-B89DF95E1951}.Release|Any CPU.ActiveCfg = Release|Any CPU
		{C92FFA86-B57D-45C5-BECF-B89DF95E1951}.Release|Any CPU.Build.0 = Release|Any CPU
	EndGlobalSection
	GlobalSection(SolutionProperties) = preSolution
		HideSolutionNode = FALSE
	EndGlobalSection
	GlobalSection(ExtensibilityGlobals) = postSolution
		SolutionGuid = {8BF62317-C03E-4A90-B8F1-41E4F6E982F7}
	EndGlobalSection
EndGlobal
