
Microsoft Visual Studio Solution File, Format Version 12.00
# Visual Studio 15
VisualStudioVersion = 15.0.28307.705
MinimumVisualStudioVersion = 10.0.40219.1
Project("{FAE04EC0-301F-11D3-BF4B-00C04F79EFBC}") = "Assignment_A30(webAPI)", "Assignment_A30(webAPI)\Assignment_A30(webAPI).csproj", "{5711FFE9-9883-4776-864E-03BE413D47E3}"
EndProject
Global
	GlobalSection(SolutionConfigurationPlatforms) = preSolution
		Debug|Any CPU = Debug|Any CPU
		Release|Any CPU = Release|Any CPU
	EndGlobalSection
	GlobalSection(ProjectConfigurationPlatforms) = postSolution
		{5711FFE9-9883-4776-864E-03BE413D47E3}.Debug|Any CPU.ActiveCfg = Debug|Any CPU
		{5711FFE9-9883-4776-864E-03BE413D47E3}.Debug|Any CPU.Build.0 = Debug|Any CPU
		{5711FFE9-9883-4776-864E-03BE413D47E3}.Release|Any CPU.ActiveCfg = Release|Any CPU
		{5711FFE9-9883-4776-864E-03BE413D47E3}.Release|Any CPU.Build.0 = Release|Any CPU
	EndGlobalSection
	GlobalSection(SolutionProperties) = preSolution
		HideSolutionNode = FALSE
	EndGlobalSection
	GlobalSection(ExtensibilityGlobals) = postSolution
		SolutionGuid = {ECA34447-297E-4184-8862-A6511735DDD5}
	EndGlobalSection
EndGlobal
