
Microsoft Visual Studio Solution File, Format Version 12.00
# Visual Studio 15
VisualStudioVersion = 15.0.28307.705
MinimumVisualStudioVersion = 10.0.40219.1
Project("{FAE04EC0-301F-11D3-BF4B-00C04F79EFBC}") = "sorting", "sorting\sorting.csproj", "{CFC6657B-E4F9-416A-BB18-29F00CB81CC4}"
EndProject
Global
	GlobalSection(SolutionConfigurationPlatforms) = preSolution
		Debug|Any CPU = Debug|Any CPU
		Release|Any CPU = Release|Any CPU
	EndGlobalSection
	GlobalSection(ProjectConfigurationPlatforms) = postSolution
		{CFC6657B-E4F9-416A-BB18-29F00CB81CC4}.Debug|Any CPU.ActiveCfg = Debug|Any CPU
		{CFC6657B-E4F9-416A-BB18-29F00CB81CC4}.Debug|Any CPU.Build.0 = Debug|Any CPU
		{CFC6657B-E4F9-416A-BB18-29F00CB81CC4}.Release|Any CPU.ActiveCfg = Release|Any CPU
		{CFC6657B-E4F9-416A-BB18-29F00CB81CC4}.Release|Any CPU.Build.0 = Release|Any CPU
	EndGlobalSection
	GlobalSection(SolutionProperties) = preSolution
		HideSolutionNode = FALSE
	EndGlobalSection
	GlobalSection(ExtensibilityGlobals) = postSolution
		SolutionGuid = {21752DD9-9C87-4B91-9023-CABDEA7E640B}
	EndGlobalSection
EndGlobal
