
Microsoft Visual Studio Solution File, Format Version 12.00
# Visual Studio Version 16
VisualStudioVersion = 16.0.29306.81
MinimumVisualStudioVersion = 10.0.40219.1
Project("{FAE04EC0-301F-11D3-BF4B-00C04F79EFBC}") = "Assignment1", "Assignment1.csproj", "{EEC05936-7791-4154-AD82-EB0CBCE4BF20}"
EndProject
Global
	GlobalSection(SolutionConfigurationPlatforms) = preSolution
		Debug|Any CPU = Debug|Any CPU
		Release|Any CPU = Release|Any CPU
	EndGlobalSection
	GlobalSection(ProjectConfigurationPlatforms) = postSolution
		{EEC05936-7791-4154-AD82-EB0CBCE4BF20}.Debug|Any CPU.ActiveCfg = Debug|Any CPU
		{EEC05936-7791-4154-AD82-EB0CBCE4BF20}.Debug|Any CPU.Build.0 = Debug|Any CPU
		{EEC05936-7791-4154-AD82-EB0CBCE4BF20}.Release|Any CPU.ActiveCfg = Release|Any CPU
		{EEC05936-7791-4154-AD82-EB0CBCE4BF20}.Release|Any CPU.Build.0 = Release|Any CPU
	EndGlobalSection
	GlobalSection(SolutionProperties) = preSolution
		HideSolutionNode = FALSE
	EndGlobalSection
	GlobalSection(ExtensibilityGlobals) = postSolution
		SolutionGuid = {9FE16909-1C69-4C25-945C-9923655FDA3C}
	EndGlobalSection
EndGlobal
