
Microsoft Visual Studio Solution File, Format Version 12.00
# Visual Studio 15
Project("{FAE04EC0-301F-11D3-BF4B-00C04F79EFBC}") = "Assignment5", "Assignment5.csproj", "{9006C5D8-46F5-4D54-8374-E14C5D045DBF}"
EndProject
Global
	GlobalSection(SolutionConfigurationPlatforms) = preSolution
		Debug|Any CPU = Debug|Any CPU
		Release|Any CPU = Release|Any CPU
	EndGlobalSection
	GlobalSection(ProjectConfigurationPlatforms) = postSolution
		{9006C5D8-46F5-4D54-8374-E14C5D045DBF}.Debug|Any CPU.ActiveCfg = Debug|Any CPU
		{9006C5D8-46F5-4D54-8374-E14C5D045DBF}.Debug|Any CPU.Build.0 = Debug|Any CPU
		{9006C5D8-46F5-4D54-8374-E14C5D045DBF}.Release|Any CPU.ActiveCfg = Release|Any CPU
		{9006C5D8-46F5-4D54-8374-E14C5D045DBF}.Release|Any CPU.Build.0 = Release|Any CPU
	EndGlobalSection
EndGlobal
