
Microsoft Visual Studio Solution File, Format Version 12.00
# Visual Studio 15
VisualStudioVersion = 15.0.28307.136
MinimumVisualStudioVersion = 10.0.40219.1
Project("{FAE04EC0-301F-11D3-BF4B-00C04F79EFBC}") = "Delegate_LINQ", "Delegate\Delegate_LINQ.csproj", "{053C51CD-B360-46F1-89D0-DCF318D623D6}"
EndProject
Global
	GlobalSection(SolutionConfigurationPlatforms) = preSolution
		Debug|Any CPU = Debug|Any CPU
		Release|Any CPU = Release|Any CPU
	EndGlobalSection
	GlobalSection(ProjectConfigurationPlatforms) = postSolution
		{053C51CD-B360-46F1-89D0-DCF318D623D6}.Debug|Any CPU.ActiveCfg = Debug|Any CPU
		{053C51CD-B360-46F1-89D0-DCF318D623D6}.Debug|Any CPU.Build.0 = Debug|Any CPU
		{053C51CD-B360-46F1-89D0-DCF318D623D6}.Release|Any CPU.ActiveCfg = Release|Any CPU
		{053C51CD-B360-46F1-89D0-DCF318D623D6}.Release|Any CPU.Build.0 = Release|Any CPU
	EndGlobalSection
	GlobalSection(SolutionProperties) = preSolution
		HideSolutionNode = FALSE
	EndGlobalSection
	GlobalSection(ExtensibilityGlobals) = postSolution
		SolutionGuid = {14939F9F-1EFC-4E3A-8EC6-63AD0A78B85F}
	EndGlobalSection
EndGlobal
