
Microsoft Visual Studio Solution File, Format Version 12.00
# Visual Studio 15
VisualStudioVersion = 15.0.28307.106
MinimumVisualStudioVersion = 10.0.40219.1
Project("{FAE04EC0-301F-11D3-BF4B-00C04F79EFBC}") = "BankApplication", "BankApplication\BankApplication.csproj", "{02B3DEFC-FA25-41DE-B1F8-A78CC8CA0AA4}"
EndProject
Project("{FAE04EC0-301F-11D3-BF4B-00C04F79EFBC}") = "Basics", "Basics\Basics.csproj", "{33A6F895-310C-47A3-A018-E14245435CDB}"
EndProject
Project("{FAE04EC0-301F-11D3-BF4B-00C04F79EFBC}") = "MultipleInheritance", "MultipleInheritance\MultipleInheritance.csproj", "{7D07555B-E13C-4E83-BB2E-E3661A919F57}"
EndProject
Project("{FAE04EC0-301F-11D3-BF4B-00C04F79EFBC}") = "Inheritance", "Inheritance\Inheritance.csproj", "{E641416B-34C3-46DF-991C-716B62C12C0C}"
EndProject
Project("{FAE04EC0-301F-11D3-BF4B-00C04F79EFBC}") = "Polymormiphsm", "Polymormiphsm\Polymormiphsm.csproj", "{EBB13F09-EAE6-45E1-8E53-23C7CD412A0F}"
EndProject
Global
	GlobalSection(SolutionConfigurationPlatforms) = preSolution
		Debug|Any CPU = Debug|Any CPU
		Release|Any CPU = Release|Any CPU
	EndGlobalSection
	GlobalSection(ProjectConfigurationPlatforms) = postSolution
		{02B3DEFC-FA25-41DE-B1F8-A78CC8CA0AA4}.Debug|Any CPU.ActiveCfg = Debug|Any CPU
		{02B3DEFC-FA25-41DE-B1F8-A78CC8CA0AA4}.Debug|Any CPU.Build.0 = Debug|Any CPU
		{02B3DEFC-FA25-41DE-B1F8-A78CC8CA0AA4}.Release|Any CPU.ActiveCfg = Release|Any CPU
		{02B3DEFC-FA25-41DE-B1F8-A78CC8CA0AA4}.Release|Any CPU.Build.0 = Release|Any CPU
		{33A6F895-310C-47A3-A018-E14245435CDB}.Debug|Any CPU.ActiveCfg = Debug|Any CPU
		{33A6F895-310C-47A3-A018-E14245435CDB}.Debug|Any CPU.Build.0 = Debug|Any CPU
		{33A6F895-310C-47A3-A018-E14245435CDB}.Release|Any CPU.ActiveCfg = Release|Any CPU
		{33A6F895-310C-47A3-A018-E14245435CDB}.Release|Any CPU.Build.0 = Release|Any CPU
		{7D07555B-E13C-4E83-BB2E-E3661A919F57}.Debug|Any CPU.ActiveCfg = Debug|Any CPU
		{7D07555B-E13C-4E83-BB2E-E3661A919F57}.Debug|Any CPU.Build.0 = Debug|Any CPU
		{7D07555B-E13C-4E83-BB2E-E3661A919F57}.Release|Any CPU.ActiveCfg = Release|Any CPU
		{7D07555B-E13C-4E83-BB2E-E3661A919F57}.Release|Any CPU.Build.0 = Release|Any CPU
		{E641416B-34C3-46DF-991C-716B62C12C0C}.Debug|Any CPU.ActiveCfg = Debug|Any CPU
		{E641416B-34C3-46DF-991C-716B62C12C0C}.Debug|Any CPU.Build.0 = Debug|Any CPU
		{E641416B-34C3-46DF-991C-716B62C12C0C}.Release|Any CPU.ActiveCfg = Release|Any CPU
		{E641416B-34C3-46DF-991C-716B62C12C0C}.Release|Any CPU.Build.0 = Release|Any CPU
		{EBB13F09-EAE6-45E1-8E53-23C7CD412A0F}.Debug|Any CPU.ActiveCfg = Debug|Any CPU
		{EBB13F09-EAE6-45E1-8E53-23C7CD412A0F}.Debug|Any CPU.Build.0 = Debug|Any CPU
		{EBB13F09-EAE6-45E1-8E53-23C7CD412A0F}.Release|Any CPU.ActiveCfg = Release|Any CPU
		{EBB13F09-EAE6-45E1-8E53-23C7CD412A0F}.Release|Any CPU.Build.0 = Release|Any CPU
	EndGlobalSection
	GlobalSection(SolutionProperties) = preSolution
		HideSolutionNode = FALSE
	EndGlobalSection
	GlobalSection(ExtensibilityGlobals) = postSolution
		SolutionGuid = {E30696EB-81D0-411D-B786-59AE4459DED4}
	EndGlobalSection
EndGlobal
