
Microsoft Visual Studio Solution File, Format Version 12.00
# Visual Studio 15
VisualStudioVersion = 15.0.28307.757
MinimumVisualStudioVersion = 10.0.40219.1
Project("{FAE04EC0-301F-11D3-BF4B-00C04F79EFBC}") = "ConsoleApp_Entity", "ConsoleApp_Entity\ConsoleApp_Entity.csproj", "{E6BA51B5-F136-4256-A8E4-439C21265C0F}"
EndProject
Global
	GlobalSection(SolutionConfigurationPlatforms) = preSolution
		Debug|Any CPU = Debug|Any CPU
		Release|Any CPU = Release|Any CPU
	EndGlobalSection
	GlobalSection(ProjectConfigurationPlatforms) = postSolution
		{E6BA51B5-F136-4256-A8E4-439C21265C0F}.Debug|Any CPU.ActiveCfg = Debug|Any CPU
		{E6BA51B5-F136-4256-A8E4-439C21265C0F}.Debug|Any CPU.Build.0 = Debug|Any CPU
		{E6BA51B5-F136-4256-A8E4-439C21265C0F}.Release|Any CPU.ActiveCfg = Release|Any CPU
		{E6BA51B5-F136-4256-A8E4-439C21265C0F}.Release|Any CPU.Build.0 = Release|Any CPU
	EndGlobalSection
	GlobalSection(SolutionProperties) = preSolution
		HideSolutionNode = FALSE
	EndGlobalSection
	GlobalSection(ExtensibilityGlobals) = postSolution
		SolutionGuid = {796CCA79-1A04-4ED5-B153-AE2DFA5D97AF}
	EndGlobalSection
EndGlobal
