
Microsoft Visual Studio Solution File, Format Version 12.00
# Visual Studio Version 16
VisualStudioVersion = 16.0.29318.209
MinimumVisualStudioVersion = 10.0.40219.1
Project("{9A19103F-16F7-4668-BE54-9A1E7A4F7556}") = "ConstructorAssignment", "ConstructorAssignment\ConstructorAssignment.csproj", "{4DB9D5DB-BFBF-4568-A242-C6905624A6DF}"
EndProject
Project("{FAE04EC0-301F-11D3-BF4B-00C04F79EFBC}") = "EmployeeGenerics", "EmployeeGenerics\EmployeeGenerics.csproj", "{40F41C3D-A4A4-4225-BD12-D6973E1C3545}"
EndProject
Global
	GlobalSection(SolutionConfigurationPlatforms) = preSolution
		Debug|Any CPU = Debug|Any CPU
		Release|Any CPU = Release|Any CPU
	EndGlobalSection
	GlobalSection(ProjectConfigurationPlatforms) = postSolution
		{4DB9D5DB-BFBF-4568-A242-C6905624A6DF}.Debug|Any CPU.ActiveCfg = Debug|Any CPU
		{4DB9D5DB-BFBF-4568-A242-C6905624A6DF}.Debug|Any CPU.Build.0 = Debug|Any CPU
		{4DB9D5DB-BFBF-4568-A242-C6905624A6DF}.Release|Any CPU.ActiveCfg = Release|Any CPU
		{4DB9D5DB-BFBF-4568-A242-C6905624A6DF}.Release|Any CPU.Build.0 = Release|Any CPU
		{40F41C3D-A4A4-4225-BD12-D6973E1C3545}.Debug|Any CPU.ActiveCfg = Debug|Any CPU
		{40F41C3D-A4A4-4225-BD12-D6973E1C3545}.Debug|Any CPU.Build.0 = Debug|Any CPU
		{40F41C3D-A4A4-4225-BD12-D6973E1C3545}.Release|Any CPU.ActiveCfg = Release|Any CPU
		{40F41C3D-A4A4-4225-BD12-D6973E1C3545}.Release|Any CPU.Build.0 = Release|Any CPU
	EndGlobalSection
	GlobalSection(SolutionProperties) = preSolution
		HideSolutionNode = FALSE
	EndGlobalSection
	GlobalSection(ExtensibilityGlobals) = postSolution
		SolutionGuid = {F64F08EE-C45E-426C-A4BC-CF65796D2F02}
	EndGlobalSection
EndGlobal
