
Microsoft Visual Studio Solution File, Format Version 12.00
# Visual Studio 15
VisualStudioVersion = 15.0.28307.705
MinimumVisualStudioVersion = 10.0.40219.1
Project("{FAE04EC0-301F-11D3-BF4B-00C04F79EFBC}") = "Assign07_Entity", "Assign07_Entity\Assign07_Entity.csproj", "{A4170B27-2A53-4760-BB2C-631E2A264529}"
EndProject
Global
	GlobalSection(SolutionConfigurationPlatforms) = preSolution
		Debug|Any CPU = Debug|Any CPU
		Release|Any CPU = Release|Any CPU
	EndGlobalSection
	GlobalSection(ProjectConfigurationPlatforms) = postSolution
		{A4170B27-2A53-4760-BB2C-631E2A264529}.Debug|Any CPU.ActiveCfg = Debug|Any CPU
		{A4170B27-2A53-4760-BB2C-631E2A264529}.Debug|Any CPU.Build.0 = Debug|Any CPU
		{A4170B27-2A53-4760-BB2C-631E2A264529}.Release|Any CPU.ActiveCfg = Release|Any CPU
		{A4170B27-2A53-4760-BB2C-631E2A264529}.Release|Any CPU.Build.0 = Release|Any CPU
	EndGlobalSection
	GlobalSection(SolutionProperties) = preSolution
		HideSolutionNode = FALSE
	EndGlobalSection
	GlobalSection(ExtensibilityGlobals) = postSolution
		SolutionGuid = {759371C6-1364-407C-9506-F43D5C7D6BBA}
	EndGlobalSection
EndGlobal
