
Microsoft Visual Studio Solution File, Format Version 12.00
# Visual Studio 15
VisualStudioVersion = 15.0.28307.106
MinimumVisualStudioVersion = 10.0.40219.1
Project("{FAE04EC0-301F-11D3-BF4B-00C04F79EFBC}") = "EmployeeManagementSystem", "..\TrainingAssignments2\Poonam\EmployeeManagementSystem\EmployeeManagementSystem.csproj", "{609CF473-8CE7-47E1-B395-5A52102E5523}"
EndProject
Global
	GlobalSection(SolutionConfigurationPlatforms) = preSolution
		Debug|Any CPU = Debug|Any CPU
		Release|Any CPU = Release|Any CPU
	EndGlobalSection
	GlobalSection(ProjectConfigurationPlatforms) = postSolution
		{609CF473-8CE7-47E1-B395-5A52102E5523}.Debug|Any CPU.ActiveCfg = Debug|Any CPU
		{609CF473-8CE7-47E1-B395-5A52102E5523}.Debug|Any CPU.Build.0 = Debug|Any CPU
		{609CF473-8CE7-47E1-B395-5A52102E5523}.Release|Any CPU.ActiveCfg = Release|Any CPU
		{609CF473-8CE7-47E1-B395-5A52102E5523}.Release|Any CPU.Build.0 = Release|Any CPU
	EndGlobalSection
	GlobalSection(SolutionProperties) = preSolution
		HideSolutionNode = FALSE
	EndGlobalSection
	GlobalSection(ExtensibilityGlobals) = postSolution
		SolutionGuid = {CE4DCCBD-F42D-4AF1-880A-CCA50739A478}
	EndGlobalSection
EndGlobal
